
Microsoft Visual Studio Solution File, Format Version 12.00
# Visual Studio Version 16
VisualStudioVersion = 16.0.30804.86
MinimumVisualStudioVersion = 10.0.40219.1
Project("{9A19103F-16F7-4668-BE54-9A1E7A4F7556}") = "Calculator", "Calculator\Calculator.csproj", "{A68229E2-FD59-4B20-B106-00639C0EC473}"
EndProject
Project("{FAE04EC0-301F-11D3-BF4B-00C04F79EFBC}") = "CalculatorLibrary", "CalculatorLibrary\CalculatorLibrary.csproj", "{22D7FB0A-3FF7-4AFD-AA4A-C2CE772BF878}"
EndProject
Global
	GlobalSection(SolutionConfigurationPlatforms) = preSolution
		Debug|Any CPU = Debug|Any CPU
		Release|Any CPU = Release|Any CPU
	EndGlobalSection
	GlobalSection(ProjectConfigurationPlatforms) = postSolution
		{A68229E2-FD59-4B20-B106-00639C0EC473}.Debug|Any CPU.ActiveCfg = Debug|Any CPU
		{A68229E2-FD59-4B20-B106-00639C0EC473}.Debug|Any CPU.Build.0 = Debug|Any CPU
		{A68229E2-FD59-4B20-B106-00639C0EC473}.Release|Any CPU.ActiveCfg = Release|Any CPU
		{A68229E2-FD59-4B20-B106-00639C0EC473}.Release|Any CPU.Build.0 = Release|Any CPU
		{22D7FB0A-3FF7-4AFD-AA4A-C2CE772BF878}.Debug|Any CPU.ActiveCfg = Debug|Any CPU
		{22D7FB0A-3FF7-4AFD-AA4A-C2CE772BF878}.Debug|Any CPU.Build.0 = Debug|Any CPU
		{22D7FB0A-3FF7-4AFD-AA4A-C2CE772BF878}.Release|Any CPU.ActiveCfg = Release|Any CPU
		{22D7FB0A-3FF7-4AFD-AA4A-C2CE772BF878}.Release|Any CPU.Build.0 = Release|Any CPU
	EndGlobalSection
	GlobalSection(SolutionProperties) = preSolution
		HideSolutionNode = FALSE
	EndGlobalSection
	GlobalSection(ExtensibilityGlobals) = postSolution
		SolutionGuid = {35B98370-D75E-4184-A0FC-D6203D969EC4}
	EndGlobalSection
EndGlobal
